// !$*UTF8*$!
{
	archiveVersion = 1;
	classes = {
	};
	objectVersion = 56;
	objects = {

/* Begin PBXBuildFile section */
		F38679542CCA6D8F000753D5 /* AppDelegate.swift in Sources */ = {isa = PBXBuildFile; fileRef = F38679532CCA6D8F000753D5 /* AppDelegate.swift */; };
		F38679562CCA6D8F000753D5 /* SceneDelegate.swift in Sources */ = {isa = PBXBuildFile; fileRef = F38679552CCA6D8F000753D5 /* SceneDelegate.swift */; };
		F38679582CCA6D8F000753D5 /* HomeViewController.swift in Sources */ = {isa = PBXBuildFile; fileRef = F38679572CCA6D8F000753D5 /* HomeViewController.swift */; };
		F386795D2CCA6D90000753D5 /* Assets.xcassets in Resources */ = {isa = PBXBuildFile; fileRef = F386795C2CCA6D90000753D5 /* Assets.xcassets */; };
		F38679602CCA6D90000753D5 /* Base in Resources */ = {isa = PBXBuildFile; fileRef = F386795F2CCA6D90000753D5 /* Base */; };
		F38679682CCA735C000753D5 /* .gitignore in Resources */ = {isa = PBXBuildFile; fileRef = F38679672CCA735C000753D5 /* .gitignore */; };
		F386796B2CCAACD6000753D5 /* CustomColor.swift in Sources */ = {isa = PBXBuildFile; fileRef = F386796A2CCAACD6000753D5 /* CustomColor.swift */; };
		F386796D2CCAB5EB000753D5 /* SettingsManager.swift in Sources */ = {isa = PBXBuildFile; fileRef = F386796C2CCAB5EB000753D5 /* SettingsManager.swift */; };
		F38679742CCACF82000753D5 /* Constants.swift in Sources */ = {isa = PBXBuildFile; fileRef = F38679732CCACF82000753D5 /* Constants.swift */; };
		F386797B2CCBCD68000753D5 /* CollectionViewController.swift in Sources */ = {isa = PBXBuildFile; fileRef = F386797A2CCBCD68000753D5 /* CollectionViewController.swift */; };
		F386797D2CCBCD99000753D5 /* ProfileViewController.swift in Sources */ = {isa = PBXBuildFile; fileRef = F386797C2CCBCD99000753D5 /* ProfileViewController.swift */; };
		F386797F2CCBD033000753D5 /* CustomTabBarController.swift in Sources */ = {isa = PBXBuildFile; fileRef = F386797E2CCBD033000753D5 /* CustomTabBarController.swift */; };
		F38679872CCC0799000753D5 /* TabBarCollectionViewCell.swift in Sources */ = {isa = PBXBuildFile; fileRef = F38679862CCC0799000753D5 /* TabBarCollectionViewCell.swift */; };
		F386798A2CCF7DEF000753D5 /* BaseViewController.swift in Sources */ = {isa = PBXBuildFile; fileRef = F38679892CCF7DEF000753D5 /* BaseViewController.swift */; };
		F386798E2CCF8A96000753D5 /* HeaderLabel.swift in Sources */ = {isa = PBXBuildFile; fileRef = F386798D2CCF8A96000753D5 /* HeaderLabel.swift */; };
		F38679922CCFA0DC000753D5 /* PersonalizedGreetingView.swift in Sources */ = {isa = PBXBuildFile; fileRef = F38679912CCFA0DC000753D5 /* PersonalizedGreetingView.swift */; };
		F386799B2CCFA85A000753D5 /* CarouselCollectionViewCell.swift in Sources */ = {isa = PBXBuildFile; fileRef = F386799A2CCFA85A000753D5 /* CarouselCollectionViewCell.swift */; };
		F386799D2CCFAAD6000753D5 /* HomeCarouselTableViewCell.swift in Sources */ = {isa = PBXBuildFile; fileRef = F386799C2CCFAAD6000753D5 /* HomeCarouselTableViewCell.swift */; };
		F386799F2CCFDA16000753D5 /* MovieOptionTableViewCell.swift in Sources */ = {isa = PBXBuildFile; fileRef = F386799E2CCFDA16000753D5 /* MovieOptionTableViewCell.swift */; };
		F38679A12CCFEFA4000753D5 /* MovieListOptionCollectionViewCell.swift in Sources */ = {isa = PBXBuildFile; fileRef = F38679A02CCFEFA4000753D5 /* MovieListOptionCollectionViewCell.swift */; };
		F38679A32CD0AFFF000753D5 /* MovieCard.swift in Sources */ = {isa = PBXBuildFile; fileRef = F38679A22CD0AFFF000753D5 /* MovieCard.swift */; };
		F38679A52CD0C44E000753D5 /* MovieCardTableViewCell.swift in Sources */ = {isa = PBXBuildFile; fileRef = F38679A42CD0C44E000753D5 /* MovieCardTableViewCell.swift */; };
		F38679A72CD0C58E000753D5 /* MovieCardCollectionViewCell.swift in Sources */ = {isa = PBXBuildFile; fileRef = F38679A62CD0C58E000753D5 /* MovieCardCollectionViewCell.swift */; };
		F38679A92CD0E256000753D5 /* HomeTransparentTableViewCell.swift in Sources */ = {isa = PBXBuildFile; fileRef = F38679A82CD0E256000753D5 /* HomeTransparentTableViewCell.swift */; };
/* End PBXBuildFile section */

/* Begin PBXFileReference section */
		F38679502CCA6D8F000753D5 /* Movies.app */ = {isa = PBXFileReference; explicitFileType = wrapper.application; includeInIndex = 0; path = Movies.app; sourceTree = BUILT_PRODUCTS_DIR; };
		F38679532CCA6D8F000753D5 /* AppDelegate.swift */ = {isa = PBXFileReference; lastKnownFileType = sourcecode.swift; path = AppDelegate.swift; sourceTree = "<group>"; };
		F38679552CCA6D8F000753D5 /* SceneDelegate.swift */ = {isa = PBXFileReference; lastKnownFileType = sourcecode.swift; path = SceneDelegate.swift; sourceTree = "<group>"; };
		F38679572CCA6D8F000753D5 /* HomeViewController.swift */ = {isa = PBXFileReference; lastKnownFileType = sourcecode.swift; path = HomeViewController.swift; sourceTree = "<group>"; };
		F386795C2CCA6D90000753D5 /* Assets.xcassets */ = {isa = PBXFileReference; lastKnownFileType = folder.assetcatalog; path = Assets.xcassets; sourceTree = "<group>"; };
		F386795F2CCA6D90000753D5 /* Base */ = {isa = PBXFileReference; lastKnownFileType = file.storyboard; name = Base; path = Base.lproj/LaunchScreen.storyboard; sourceTree = "<group>"; };
		F38679612CCA6D90000753D5 /* Info.plist */ = {isa = PBXFileReference; lastKnownFileType = text.plist.xml; path = Info.plist; sourceTree = "<group>"; };
		F38679672CCA735C000753D5 /* .gitignore */ = {isa = PBXFileReference; lastKnownFileType = text; path = .gitignore; sourceTree = "<group>"; };
		F386796A2CCAACD6000753D5 /* CustomColor.swift */ = {isa = PBXFileReference; lastKnownFileType = sourcecode.swift; path = CustomColor.swift; sourceTree = "<group>"; };
		F386796C2CCAB5EB000753D5 /* SettingsManager.swift */ = {isa = PBXFileReference; lastKnownFileType = sourcecode.swift; path = SettingsManager.swift; sourceTree = "<group>"; };
		F38679732CCACF82000753D5 /* Constants.swift */ = {isa = PBXFileReference; lastKnownFileType = sourcecode.swift; path = Constants.swift; sourceTree = "<group>"; };
		F386797A2CCBCD68000753D5 /* CollectionViewController.swift */ = {isa = PBXFileReference; lastKnownFileType = sourcecode.swift; path = CollectionViewController.swift; sourceTree = "<group>"; };
		F386797C2CCBCD99000753D5 /* ProfileViewController.swift */ = {isa = PBXFileReference; lastKnownFileType = sourcecode.swift; path = ProfileViewController.swift; sourceTree = "<group>"; };
		F386797E2CCBD033000753D5 /* CustomTabBarController.swift */ = {isa = PBXFileReference; lastKnownFileType = sourcecode.swift; path = CustomTabBarController.swift; sourceTree = "<group>"; };
		F38679862CCC0799000753D5 /* TabBarCollectionViewCell.swift */ = {isa = PBXFileReference; lastKnownFileType = sourcecode.swift; path = TabBarCollectionViewCell.swift; sourceTree = "<group>"; };
		F38679892CCF7DEF000753D5 /* BaseViewController.swift */ = {isa = PBXFileReference; lastKnownFileType = sourcecode.swift; path = BaseViewController.swift; sourceTree = "<group>"; };
		F386798D2CCF8A96000753D5 /* HeaderLabel.swift */ = {isa = PBXFileReference; lastKnownFileType = sourcecode.swift; path = HeaderLabel.swift; sourceTree = "<group>"; };
		F38679912CCFA0DC000753D5 /* PersonalizedGreetingView.swift */ = {isa = PBXFileReference; lastKnownFileType = sourcecode.swift; path = PersonalizedGreetingView.swift; sourceTree = "<group>"; };
		F386799A2CCFA85A000753D5 /* CarouselCollectionViewCell.swift */ = {isa = PBXFileReference; lastKnownFileType = sourcecode.swift; path = CarouselCollectionViewCell.swift; sourceTree = "<group>"; };
		F386799C2CCFAAD6000753D5 /* HomeCarouselTableViewCell.swift */ = {isa = PBXFileReference; lastKnownFileType = sourcecode.swift; path = HomeCarouselTableViewCell.swift; sourceTree = "<group>"; };
		F386799E2CCFDA16000753D5 /* MovieOptionTableViewCell.swift */ = {isa = PBXFileReference; lastKnownFileType = sourcecode.swift; path = MovieOptionTableViewCell.swift; sourceTree = "<group>"; };
		F38679A02CCFEFA4000753D5 /* MovieListOptionCollectionViewCell.swift */ = {isa = PBXFileReference; lastKnownFileType = sourcecode.swift; path = MovieListOptionCollectionViewCell.swift; sourceTree = "<group>"; };
		F38679A22CD0AFFF000753D5 /* MovieCard.swift */ = {isa = PBXFileReference; lastKnownFileType = sourcecode.swift; path = MovieCard.swift; sourceTree = "<group>"; };
		F38679A42CD0C44E000753D5 /* MovieCardTableViewCell.swift */ = {isa = PBXFileReference; lastKnownFileType = sourcecode.swift; path = MovieCardTableViewCell.swift; sourceTree = "<group>"; };
		F38679A62CD0C58E000753D5 /* MovieCardCollectionViewCell.swift */ = {isa = PBXFileReference; lastKnownFileType = sourcecode.swift; path = MovieCardCollectionViewCell.swift; sourceTree = "<group>"; };
		F38679A82CD0E256000753D5 /* HomeTransparentTableViewCell.swift */ = {isa = PBXFileReference; lastKnownFileType = sourcecode.swift; path = HomeTransparentTableViewCell.swift; sourceTree = "<group>"; };
/* End PBXFileReference section */

/* Begin PBXFrameworksBuildPhase section */
		F386794D2CCA6D8F000753D5 /* Frameworks */ = {
			isa = PBXFrameworksBuildPhase;
			buildActionMask = 2147483647;
			files = (
			);
			runOnlyForDeploymentPostprocessing = 0;
		};
/* End PBXFrameworksBuildPhase section */

/* Begin PBXGroup section */
		F38679472CCA6D8F000753D5 = {
			isa = PBXGroup;
			children = (
				F38679672CCA735C000753D5 /* .gitignore */,
				F38679522CCA6D8F000753D5 /* Movies */,
				F38679512CCA6D8F000753D5 /* Products */,
			);
			sourceTree = "<group>";
		};
		F38679512CCA6D8F000753D5 /* Products */ = {
			isa = PBXGroup;
			children = (
				F38679502CCA6D8F000753D5 /* Movies.app */,
			);
			name = Products;
			sourceTree = "<group>";
		};
		F38679522CCA6D8F000753D5 /* Movies */ = {
			isa = PBXGroup;
			children = (
				F386798F2CCFA07D000753D5 /* View */,
				F38679802CCBD321000753D5 /* Models */,
				F386796E2CCAC67A000753D5 /* View Controller */,
				F38679882CCC33BA000753D5 /* CollectionViewCell */,
				F38679932CCFA4B2000753D5 /* TableViewCell */,
				F38679692CCAACC4000753D5 /* Utilities */,
				F38679532CCA6D8F000753D5 /* AppDelegate.swift */,
				F38679552CCA6D8F000753D5 /* SceneDelegate.swift */,
				F386795C2CCA6D90000753D5 /* Assets.xcassets */,
				F386795E2CCA6D90000753D5 /* LaunchScreen.storyboard */,
				F38679612CCA6D90000753D5 /* Info.plist */,
			);
			path = Movies;
			sourceTree = "<group>";
		};
		F38679692CCAACC4000753D5 /* Utilities */ = {
			isa = PBXGroup;
			children = (
				F386796A2CCAACD6000753D5 /* CustomColor.swift */,
				F386796C2CCAB5EB000753D5 /* SettingsManager.swift */,
				F38679732CCACF82000753D5 /* Constants.swift */,
				F386798D2CCF8A96000753D5 /* HeaderLabel.swift */,
			);
			path = Utilities;
			sourceTree = "<group>";
		};
		F386796E2CCAC67A000753D5 /* View Controller */ = {
			isa = PBXGroup;
			children = (
				F386797E2CCBD033000753D5 /* CustomTabBarController.swift */,
				F38679572CCA6D8F000753D5 /* HomeViewController.swift */,
				F386797A2CCBCD68000753D5 /* CollectionViewController.swift */,
				F386797C2CCBCD99000753D5 /* ProfileViewController.swift */,
				F38679892CCF7DEF000753D5 /* BaseViewController.swift */,
			);
			path = "View Controller";
			sourceTree = "<group>";
		};
		F38679802CCBD321000753D5 /* Models */ = {
			isa = PBXGroup;
			children = (
			);
			path = Models;
			sourceTree = "<group>";
		};
		F38679882CCC33BA000753D5 /* CollectionViewCell */ = {
			isa = PBXGroup;
			children = (
				F38679862CCC0799000753D5 /* TabBarCollectionViewCell.swift */,
				F386799A2CCFA85A000753D5 /* CarouselCollectionViewCell.swift */,
				F38679A02CCFEFA4000753D5 /* MovieListOptionCollectionViewCell.swift */,
				F38679A62CD0C58E000753D5 /* MovieCardCollectionViewCell.swift */,
			);
			path = CollectionViewCell;
			sourceTree = "<group>";
		};
		F386798F2CCFA07D000753D5 /* View */ = {
			isa = PBXGroup;
			children = (
				F38679902CCFA08D000753D5 /* Home */,
				F38679A22CD0AFFF000753D5 /* MovieCard.swift */,
			);
			path = View;
			sourceTree = "<group>";
		};
		F38679902CCFA08D000753D5 /* Home */ = {
			isa = PBXGroup;
			children = (
				F38679912CCFA0DC000753D5 /* PersonalizedGreetingView.swift */,
			);
			path = Home;
			sourceTree = "<group>";
		};
		F38679932CCFA4B2000753D5 /* TableViewCell */ = {
			isa = PBXGroup;
			children = (
				F38679A82CD0E256000753D5 /* HomeTransparentTableViewCell.swift */,
				F386799C2CCFAAD6000753D5 /* HomeCarouselTableViewCell.swift */,
				F386799E2CCFDA16000753D5 /* MovieOptionTableViewCell.swift */,
				F38679A42CD0C44E000753D5 /* MovieCardTableViewCell.swift */,
			);
			path = TableViewCell;
			sourceTree = "<group>";
		};
/* End PBXGroup section */

/* Begin PBXNativeTarget section */
		F386794F2CCA6D8F000753D5 /* Movies */ = {
			isa = PBXNativeTarget;
			buildConfigurationList = F38679642CCA6D90000753D5 /* Build configuration list for PBXNativeTarget "Movies" */;
			buildPhases = (
				F386794C2CCA6D8F000753D5 /* Sources */,
				F386794D2CCA6D8F000753D5 /* Frameworks */,
				F386794E2CCA6D8F000753D5 /* Resources */,
			);
			buildRules = (
			);
			dependencies = (
			);
			name = Movies;
			productName = Movies;
			productReference = F38679502CCA6D8F000753D5 /* Movies.app */;
			productType = "com.apple.product-type.application";
		};
/* End PBXNativeTarget section */

/* Begin PBXProject section */
		F38679482CCA6D8F000753D5 /* Project object */ = {
			isa = PBXProject;
			attributes = {
				BuildIndependentTargetsInParallel = 1;
				LastSwiftUpdateCheck = 1530;
				LastUpgradeCheck = 1530;
				TargetAttributes = {
					F386794F2CCA6D8F000753D5 = {
						CreatedOnToolsVersion = 15.3;
					};
				};
			};
			buildConfigurationList = F386794B2CCA6D8F000753D5 /* Build configuration list for PBXProject "Movies" */;
			compatibilityVersion = "Xcode 14.0";
			developmentRegion = en;
			hasScannedForEncodings = 0;
			knownRegions = (
				en,
				Base,
			);
			mainGroup = F38679472CCA6D8F000753D5;
			productRefGroup = F38679512CCA6D8F000753D5 /* Products */;
			projectDirPath = "";
			projectRoot = "";
			targets = (
				F386794F2CCA6D8F000753D5 /* Movies */,
			);
		};
/* End PBXProject section */

/* Begin PBXResourcesBuildPhase section */
		F386794E2CCA6D8F000753D5 /* Resources */ = {
			isa = PBXResourcesBuildPhase;
			buildActionMask = 2147483647;
			files = (
				F38679682CCA735C000753D5 /* .gitignore in Resources */,
				F386795D2CCA6D90000753D5 /* Assets.xcassets in Resources */,
				F38679602CCA6D90000753D5 /* Base in Resources */,
			);
			runOnlyForDeploymentPostprocessing = 0;
		};
/* End PBXResourcesBuildPhase section */

/* Begin PBXSourcesBuildPhase section */
		F386794C2CCA6D8F000753D5 /* Sources */ = {
			isa = PBXSourcesBuildPhase;
			buildActionMask = 2147483647;
			files = (
				F38679582CCA6D8F000753D5 /* HomeViewController.swift in Sources */,
				F38679A52CD0C44E000753D5 /* MovieCardTableViewCell.swift in Sources */,
				F38679A12CCFEFA4000753D5 /* MovieListOptionCollectionViewCell.swift in Sources */,
				F38679A72CD0C58E000753D5 /* MovieCardCollectionViewCell.swift in Sources */,
				F386798E2CCF8A96000753D5 /* HeaderLabel.swift in Sources */,
				F386796D2CCAB5EB000753D5 /* SettingsManager.swift in Sources */,
				F386798A2CCF7DEF000753D5 /* BaseViewController.swift in Sources */,
				F386799D2CCFAAD6000753D5 /* HomeCarouselTableViewCell.swift in Sources */,
				F38679542CCA6D8F000753D5 /* AppDelegate.swift in Sources */,
				F38679562CCA6D8F000753D5 /* SceneDelegate.swift in Sources */,
				F38679A32CD0AFFF000753D5 /* MovieCard.swift in Sources */,
				F386799F2CCFDA16000753D5 /* MovieOptionTableViewCell.swift in Sources */,
				F38679A92CD0E256000753D5 /* HomeTransparentTableViewCell.swift in Sources */,
				F386797B2CCBCD68000753D5 /* CollectionViewController.swift in Sources */,
				F38679922CCFA0DC000753D5 /* PersonalizedGreetingView.swift in Sources */,
				F386796B2CCAACD6000753D5 /* CustomColor.swift in Sources */,
				F386799B2CCFA85A000753D5 /* CarouselCollectionViewCell.swift in Sources */,
				F386797D2CCBCD99000753D5 /* ProfileViewController.swift in Sources */,
				F38679872CCC0799000753D5 /* TabBarCollectionViewCell.swift in Sources */,
				F38679742CCACF82000753D5 /* Constants.swift in Sources */,
				F386797F2CCBD033000753D5 /* CustomTabBarController.swift in Sources */,
			);
			runOnlyForDeploymentPostprocessing = 0;
		};
/* End PBXSourcesBuildPhase section */

/* Begin PBXVariantGroup section */
		F386795E2CCA6D90000753D5 /* LaunchScreen.storyboard */ = {
			isa = PBXVariantGroup;
			children = (
				F386795F2CCA6D90000753D5 /* Base */,
			);
			name = LaunchScreen.storyboard;
			sourceTree = "<group>";
		};
/* End PBXVariantGroup section */

/* Begin XCBuildConfiguration section */
		F38679622CCA6D90000753D5 /* Debug */ = {
			isa = XCBuildConfiguration;
			buildSettings = {
				ALWAYS_SEARCH_USER_PATHS = NO;
				ASSETCATALOG_COMPILER_GENERATE_SWIFT_ASSET_SYMBOL_EXTENSIONS = YES;
				CLANG_ANALYZER_NONNULL = YES;
				CLANG_ANALYZER_NUMBER_OBJECT_CONVERSION = YES_AGGRESSIVE;
				CLANG_CXX_LANGUAGE_STANDARD = "gnu++20";
				CLANG_ENABLE_MODULES = YES;
				CLANG_ENABLE_OBJC_ARC = YES;
				CLANG_ENABLE_OBJC_WEAK = YES;
				CLANG_WARN_BLOCK_CAPTURE_AUTORELEASING = YES;
				CLANG_WARN_BOOL_CONVERSION = YES;
				CLANG_WARN_COMMA = YES;
				CLANG_WARN_CONSTANT_CONVERSION = YES;
				CLANG_WARN_DEPRECATED_OBJC_IMPLEMENTATIONS = YES;
				CLANG_WARN_DIRECT_OBJC_ISA_USAGE = YES_ERROR;
				CLANG_WARN_DOCUMENTATION_COMMENTS = YES;
				CLANG_WARN_EMPTY_BODY = YES;
				CLANG_WARN_ENUM_CONVERSION = YES;
				CLANG_WARN_INFINITE_RECURSION = YES;
				CLANG_WARN_INT_CONVERSION = YES;
				CLANG_WARN_NON_LITERAL_NULL_CONVERSION = YES;
				CLANG_WARN_OBJC_IMPLICIT_RETAIN_SELF = YES;
				CLANG_WARN_OBJC_LITERAL_CONVERSION = YES;
				CLANG_WARN_OBJC_ROOT_CLASS = YES_ERROR;
				CLANG_WARN_QUOTED_INCLUDE_IN_FRAMEWORK_HEADER = YES;
				CLANG_WARN_RANGE_LOOP_ANALYSIS = YES;
				CLANG_WARN_STRICT_PROTOTYPES = YES;
				CLANG_WARN_SUSPICIOUS_MOVE = YES;
				CLANG_WARN_UNGUARDED_AVAILABILITY = YES_AGGRESSIVE;
				CLANG_WARN_UNREACHABLE_CODE = YES;
				CLANG_WARN__DUPLICATE_METHOD_MATCH = YES;
				COPY_PHASE_STRIP = NO;
				DEBUG_INFORMATION_FORMAT = dwarf;
				ENABLE_STRICT_OBJC_MSGSEND = YES;
				ENABLE_TESTABILITY = YES;
				ENABLE_USER_SCRIPT_SANDBOXING = YES;
				GCC_C_LANGUAGE_STANDARD = gnu17;
				GCC_DYNAMIC_NO_PIC = NO;
				GCC_NO_COMMON_BLOCKS = YES;
				GCC_OPTIMIZATION_LEVEL = 0;
				GCC_PREPROCESSOR_DEFINITIONS = (
					"DEBUG=1",
					"$(inherited)",
				);
				GCC_WARN_64_TO_32_BIT_CONVERSION = YES;
				GCC_WARN_ABOUT_RETURN_TYPE = YES_ERROR;
				GCC_WARN_UNDECLARED_SELECTOR = YES;
				GCC_WARN_UNINITIALIZED_AUTOS = YES_AGGRESSIVE;
				GCC_WARN_UNUSED_FUNCTION = YES;
				GCC_WARN_UNUSED_VARIABLE = YES;
				IPHONEOS_DEPLOYMENT_TARGET = 17.4;
				LOCALIZATION_PREFERS_STRING_CATALOGS = YES;
				MTL_ENABLE_DEBUG_INFO = INCLUDE_SOURCE;
				MTL_FAST_MATH = YES;
				ONLY_ACTIVE_ARCH = YES;
				SDKROOT = iphoneos;
				SWIFT_ACTIVE_COMPILATION_CONDITIONS = "DEBUG $(inherited)";
				SWIFT_OPTIMIZATION_LEVEL = "-Onone";
			};
			name = Debug;
		};
		F38679632CCA6D90000753D5 /* Release */ = {
			isa = XCBuildConfiguration;
			buildSettings = {
				ALWAYS_SEARCH_USER_PATHS = NO;
				ASSETCATALOG_COMPILER_GENERATE_SWIFT_ASSET_SYMBOL_EXTENSIONS = YES;
				CLANG_ANALYZER_NONNULL = YES;
				CLANG_ANALYZER_NUMBER_OBJECT_CONVERSION = YES_AGGRESSIVE;
				CLANG_CXX_LANGUAGE_STANDARD = "gnu++20";
				CLANG_ENABLE_MODULES = YES;
				CLANG_ENABLE_OBJC_ARC = YES;
				CLANG_ENABLE_OBJC_WEAK = YES;
				CLANG_WARN_BLOCK_CAPTURE_AUTORELEASING = YES;
				CLANG_WARN_BOOL_CONVERSION = YES;
				CLANG_WARN_COMMA = YES;
				CLANG_WARN_CONSTANT_CONVERSION = YES;
				CLANG_WARN_DEPRECATED_OBJC_IMPLEMENTATIONS = YES;
				CLANG_WARN_DIRECT_OBJC_ISA_USAGE = YES_ERROR;
				CLANG_WARN_DOCUMENTATION_COMMENTS = YES;
				CLANG_WARN_EMPTY_BODY = YES;
				CLANG_WARN_ENUM_CONVERSION = YES;
				CLANG_WARN_INFINITE_RECURSION = YES;
				CLANG_WARN_INT_CONVERSION = YES;
				CLANG_WARN_NON_LITERAL_NULL_CONVERSION = YES;
				CLANG_WARN_OBJC_IMPLICIT_RETAIN_SELF = YES;
				CLANG_WARN_OBJC_LITERAL_CONVERSION = YES;
				CLANG_WARN_OBJC_ROOT_CLASS = YES_ERROR;
				CLANG_WARN_QUOTED_INCLUDE_IN_FRAMEWORK_HEADER = YES;
				CLANG_WARN_RANGE_LOOP_ANALYSIS = YES;
				CLANG_WARN_STRICT_PROTOTYPES = YES;
				CLANG_WARN_SUSPICIOUS_MOVE = YES;
				CLANG_WARN_UNGUARDED_AVAILABILITY = YES_AGGRESSIVE;
				CLANG_WARN_UNREACHABLE_CODE = YES;
				CLANG_WARN__DUPLICATE_METHOD_MATCH = YES;
				COPY_PHASE_STRIP = NO;
				DEBUG_INFORMATION_FORMAT = "dwarf-with-dsym";
				ENABLE_NS_ASSERTIONS = NO;
				ENABLE_STRICT_OBJC_MSGSEND = YES;
				ENABLE_USER_SCRIPT_SANDBOXING = YES;
				GCC_C_LANGUAGE_STANDARD = gnu17;
				GCC_NO_COMMON_BLOCKS = YES;
				GCC_WARN_64_TO_32_BIT_CONVERSION = YES;
				GCC_WARN_ABOUT_RETURN_TYPE = YES_ERROR;
				GCC_WARN_UNDECLARED_SELECTOR = YES;
				GCC_WARN_UNINITIALIZED_AUTOS = YES_AGGRESSIVE;
				GCC_WARN_UNUSED_FUNCTION = YES;
				GCC_WARN_UNUSED_VARIABLE = YES;
				IPHONEOS_DEPLOYMENT_TARGET = 17.4;
				LOCALIZATION_PREFERS_STRING_CATALOGS = YES;
				MTL_ENABLE_DEBUG_INFO = NO;
				MTL_FAST_MATH = YES;
				SDKROOT = iphoneos;
				SWIFT_COMPILATION_MODE = wholemodule;
				VALIDATE_PRODUCT = YES;
			};
			name = Release;
		};
		F38679652CCA6D90000753D5 /* Debug */ = {
			isa = XCBuildConfiguration;
			buildSettings = {
				ASSETCATALOG_COMPILER_APPICON_NAME = AppIcon;
				ASSETCATALOG_COMPILER_GLOBAL_ACCENT_COLOR_NAME = AccentColor;
				CODE_SIGN_STYLE = Automatic;
				CURRENT_PROJECT_VERSION = 1;
				GENERATE_INFOPLIST_FILE = YES;
				INFOPLIST_FILE = Movies/Info.plist;
				INFOPLIST_KEY_UIApplicationSupportsIndirectInputEvents = YES;
				INFOPLIST_KEY_UILaunchStoryboardName = LaunchScreen;
				INFOPLIST_KEY_UISupportedInterfaceOrientations_iPad = "UIInterfaceOrientationPortrait UIInterfaceOrientationPortraitUpsideDown UIInterfaceOrientationLandscapeLeft UIInterfaceOrientationLandscapeRight";
				INFOPLIST_KEY_UISupportedInterfaceOrientations_iPhone = "UIInterfaceOrientationPortrait UIInterfaceOrientationLandscapeLeft UIInterfaceOrientationLandscapeRight";
				LD_RUNPATH_SEARCH_PATHS = (
					"$(inherited)",
					"@executable_path/Frameworks",
				);
				MARKETING_VERSION = 1.0;
				PRODUCT_BUNDLE_IDENTIFIER = com.test.Movies;
				PRODUCT_NAME = "$(TARGET_NAME)";
				SWIFT_EMIT_LOC_STRINGS = YES;
				SWIFT_VERSION = 5.0;
				TARGETED_DEVICE_FAMILY = "1,2";
			};
			name = Debug;
		};
		F38679662CCA6D90000753D5 /* Release */ = {
			isa = XCBuildConfiguration;
			buildSettings = {
				ASSETCATALOG_COMPILER_APPICON_NAME = AppIcon;
				ASSETCATALOG_COMPILER_GLOBAL_ACCENT_COLOR_NAME = AccentColor;
				CODE_SIGN_STYLE = Automatic;
				CURRENT_PROJECT_VERSION = 1;
				GENERATE_INFOPLIST_FILE = YES;
				INFOPLIST_FILE = Movies/Info.plist;
				INFOPLIST_KEY_UIApplicationSupportsIndirectInputEvents = YES;
				INFOPLIST_KEY_UILaunchStoryboardName = LaunchScreen;
				INFOPLIST_KEY_UISupportedInterfaceOrientations_iPad = "UIInterfaceOrientationPortrait UIInterfaceOrientationPortraitUpsideDown UIInterfaceOrientationLandscapeLeft UIInterfaceOrientationLandscapeRight";
				INFOPLIST_KEY_UISupportedInterfaceOrientations_iPhone = "UIInterfaceOrientationPortrait UIInterfaceOrientationLandscapeLeft UIInterfaceOrientationLandscapeRight";
				LD_RUNPATH_SEARCH_PATHS = (
					"$(inherited)",
					"@executable_path/Frameworks",
				);
				MARKETING_VERSION = 1.0;
				PRODUCT_BUNDLE_IDENTIFIER = com.test.Movies;
				PRODUCT_NAME = "$(TARGET_NAME)";
				SWIFT_EMIT_LOC_STRINGS = YES;
				SWIFT_VERSION = 5.0;
				TARGETED_DEVICE_FAMILY = "1,2";
			};
			name = Release;
		};
/* End XCBuildConfiguration section */

/* Begin XCConfigurationList section */
		F386794B2CCA6D8F000753D5 /* Build configuration list for PBXProject "Movies" */ = {
			isa = XCConfigurationList;
			buildConfigurations = (
				F38679622CCA6D90000753D5 /* Debug */,
				F38679632CCA6D90000753D5 /* Release */,
			);
			defaultConfigurationIsVisible = 0;
			defaultConfigurationName = Release;
		};
		F38679642CCA6D90000753D5 /* Build configuration list for PBXNativeTarget "Movies" */ = {
			isa = XCConfigurationList;
			buildConfigurations = (
				F38679652CCA6D90000753D5 /* Debug */,
				F38679662CCA6D90000753D5 /* Release */,
			);
			defaultConfigurationIsVisible = 0;
			defaultConfigurationName = Release;
		};
/* End XCConfigurationList section */
	};
	rootObject = F38679482CCA6D8F000753D5 /* Project object */;
}
